
Microsoft Visual Studio Solution File, Format Version 12.00
# Visual Studio Version 17
VisualStudioVersion = 17.9.34728.123
MinimumVisualStudioVersion = 10.0.40219.1
Project("{FAE04EC0-301F-11D3-BF4B-00C04F79EFBC}") = "Pb scientifique", "Pb scientifique\Pb scientifique.csproj", "{39DAC6D5-8915-4A3B-BAA7-3EF5B8B3D0C4}"
EndProject
Global
	GlobalSection(SolutionConfigurationPlatforms) = preSolution
		Debug|Any CPU = Debug|Any CPU
		Release|Any CPU = Release|Any CPU
	EndGlobalSection
	GlobalSection(ProjectConfigurationPlatforms) = postSolution
		{39DAC6D5-8915-4A3B-BAA7-3EF5B8B3D0C4}.Debug|Any CPU.ActiveCfg = Debug|Any CPU
		{39DAC6D5-8915-4A3B-BAA7-3EF5B8B3D0C4}.Debug|Any CPU.Build.0 = Debug|Any CPU
		{39DAC6D5-8915-4A3B-BAA7-3EF5B8B3D0C4}.Release|Any CPU.ActiveCfg = Release|Any CPU
		{39DAC6D5-8915-4A3B-BAA7-3EF5B8B3D0C4}.Release|Any CPU.Build.0 = Release|Any CPU
	EndGlobalSection
	GlobalSection(SolutionProperties) = preSolution
		HideSolutionNode = FALSE
	EndGlobalSection
	GlobalSection(ExtensibilityGlobals) = postSolution
		SolutionGuid = {21446658-0BA8-4843-B7D4-655CC6C83A0D}
	EndGlobalSection
EndGlobal
